// !$*UTF8*$!
{
	archiveVersion = 1;
	classes = {
	};
	objectVersion = 56;
	objects = {

/* Begin PBXBuildFile section */
		7EBDB5FD5FA6FBC1F01F4F8A /* Pods_WooHyepHa_iOS.framework in Frameworks */ = {isa = PBXBuildFile; fileRef = C8723918103271AC2055FC17 /* Pods_WooHyepHa_iOS.framework */; };
		9E0FF1E82C5A23E500544674 /* Extension + UIColor.swift in Sources */ = {isa = PBXBuildFile; fileRef = 9E0FF1E72C5A23E500544674 /* Extension + UIColor.swift */; };
		9E0FF1F42C5A252E00544674 /* Extension + UIFont.swift in Sources */ = {isa = PBXBuildFile; fileRef = 9E0FF1F32C5A252E00544674 /* Extension + UIFont.swift */; };
		9E0FF1F72C5A28C500544674 /* BaseViewController.swift in Sources */ = {isa = PBXBuildFile; fileRef = 9E0FF1F62C5A28C500544674 /* BaseViewController.swift */; };
		9E0FF2962C6B066200544674 /* TabBarItemType.swift in Sources */ = {isa = PBXBuildFile; fileRef = 9E0FF2952C6B066200544674 /* TabBarItemType.swift */; };
		9E0FF2982C6B08E300544674 /* TabBarCoordinator.swift in Sources */ = {isa = PBXBuildFile; fileRef = 9E0FF2972C6B08E300544674 /* TabBarCoordinator.swift */; };
		9E0FF29B2C6B095600544674 /* Coordinator.swift in Sources */ = {isa = PBXBuildFile; fileRef = 9E0FF29A2C6B095600544674 /* Coordinator.swift */; };
		9E0FF29D2C6B099900544674 /* AppCoordinator.swift in Sources */ = {isa = PBXBuildFile; fileRef = 9E0FF29C2C6B099900544674 /* AppCoordinator.swift */; };
		9E0FF2A42C6B0A2B00544674 /* HomeCoordinator.swift in Sources */ = {isa = PBXBuildFile; fileRef = 9E0FF2A32C6B0A2B00544674 /* HomeCoordinator.swift */; };
		9E0FF2A62C6B0A5F00544674 /* HomeViewController.swift in Sources */ = {isa = PBXBuildFile; fileRef = 9E0FF2A52C6B0A5F00544674 /* HomeViewController.swift */; };
		9E0FF2A82C6B0AB400544674 /* MatingViewController.swift in Sources */ = {isa = PBXBuildFile; fileRef = 9E0FF2A72C6B0AB400544674 /* MatingViewController.swift */; };
		9E0FF2AA2C6B0AD100544674 /* MatingCoordinator.swift in Sources */ = {isa = PBXBuildFile; fileRef = 9E0FF2A92C6B0AD100544674 /* MatingCoordinator.swift */; };
		9E0FF2AC2C6B0B2800544674 /* MapViewController.swift in Sources */ = {isa = PBXBuildFile; fileRef = 9E0FF2AB2C6B0B2800544674 /* MapViewController.swift */; };
		9E0FF2AE2C6B0B4F00544674 /* MapCoordinator.swift in Sources */ = {isa = PBXBuildFile; fileRef = 9E0FF2AD2C6B0B4F00544674 /* MapCoordinator.swift */; };
		9E0FF2B02C6B0B8500544674 /* ChatViewController.swift in Sources */ = {isa = PBXBuildFile; fileRef = 9E0FF2AF2C6B0B8500544674 /* ChatViewController.swift */; };
		9E0FF2B22C6B0B9D00544674 /* ChatCoordinator.swift in Sources */ = {isa = PBXBuildFile; fileRef = 9E0FF2B12C6B0B9D00544674 /* ChatCoordinator.swift */; };
		9E0FF2B42C6B0C3500544674 /* MyPageViewController.swift in Sources */ = {isa = PBXBuildFile; fileRef = 9E0FF2B32C6B0C3500544674 /* MyPageViewController.swift */; };
		9E0FF2B62C6B0C5100544674 /* MyPageCoordinator.swift in Sources */ = {isa = PBXBuildFile; fileRef = 9E0FF2B52C6B0C5100544674 /* MyPageCoordinator.swift */; };
		9E0FF2B92C6C4F5A00544674 /* SplashViewController.swift in Sources */ = {isa = PBXBuildFile; fileRef = 9E0FF2B82C6C4F5A00544674 /* SplashViewController.swift */; };
		9E0FF2BD2C6C58BB00544674 /* LoginViewController.swift in Sources */ = {isa = PBXBuildFile; fileRef = 9E0FF2BC2C6C58BB00544674 /* LoginViewController.swift */; };
		9E0FF2C02C6C59D700544674 /* OnboardingCoordinator.swift in Sources */ = {isa = PBXBuildFile; fileRef = 9E0FF2BF2C6C59D700544674 /* OnboardingCoordinator.swift */; };
		9E0FF2C52C6C62FA00544674 /* BaseHeaderView.swift in Sources */ = {isa = PBXBuildFile; fileRef = 9E0FF2C42C6C62FA00544674 /* BaseHeaderView.swift */; };
		9E0FF2CC2C6C696700544674 /* Pretendard-Light.otf in Resources */ = {isa = PBXBuildFile; fileRef = 9E0FF2C72C6C696600544674 /* Pretendard-Light.otf */; };
		9E0FF2CD2C6C696700544674 /* Pretendard-Regular.otf in Resources */ = {isa = PBXBuildFile; fileRef = 9E0FF2C82C6C696700544674 /* Pretendard-Regular.otf */; };
		9E0FF2CE2C6C696700544674 /* Pretendard-Medium.otf in Resources */ = {isa = PBXBuildFile; fileRef = 9E0FF2C92C6C696700544674 /* Pretendard-Medium.otf */; };
		9E0FF2CF2C6C696700544674 /* Pretendard-SemiBold.otf in Resources */ = {isa = PBXBuildFile; fileRef = 9E0FF2CA2C6C696700544674 /* Pretendard-SemiBold.otf */; };
		9E0FF2D22C6C6D7A00544674 /* Pretendard-Bold.otf in Resources */ = {isa = PBXBuildFile; fileRef = 9E0FF2D12C6C6D7A00544674 /* Pretendard-Bold.otf */; };
		9E5906652C4F993C00647DEE /* AppDelegate.swift in Sources */ = {isa = PBXBuildFile; fileRef = 9E5906642C4F993C00647DEE /* AppDelegate.swift */; };
		9E5906672C4F993C00647DEE /* SceneDelegate.swift in Sources */ = {isa = PBXBuildFile; fileRef = 9E5906662C4F993C00647DEE /* SceneDelegate.swift */; };
		9E5906692C4F993C00647DEE /* ViewController.swift in Sources */ = {isa = PBXBuildFile; fileRef = 9E5906682C4F993C00647DEE /* ViewController.swift */; };
		9E59066E2C4F993D00647DEE /* Assets.xcassets in Resources */ = {isa = PBXBuildFile; fileRef = 9E59066D2C4F993D00647DEE /* Assets.xcassets */; };
		9E66792B2C760FF000832440 /* PreferenceMusicalView.swift in Sources */ = {isa = PBXBuildFile; fileRef = 9E66792A2C760FF000832440 /* PreferenceMusicalView.swift */; };
		9E66792D2C76131700832440 /* RegisterPreferenceMusicalViewController.swift in Sources */ = {isa = PBXBuildFile; fileRef = 9E66792C2C76131700832440 /* RegisterPreferenceMusicalViewController.swift */; };
		9E6679312C761A4100832440 /* PreferenceClassicView.swift in Sources */ = {isa = PBXBuildFile; fileRef = 9E6679302C761A4100832440 /* PreferenceClassicView.swift */; };
		9E6679332C761CF500832440 /* RegisterPreferenceClassicViewController.swift in Sources */ = {isa = PBXBuildFile; fileRef = 9E6679322C761CF500832440 /* RegisterPreferenceClassicViewController.swift */; };
		9E88DDF12C6DA57100815EE0 /* Extension + UIView.swift in Sources */ = {isa = PBXBuildFile; fileRef = 9E88DDF02C6DA57100815EE0 /* Extension + UIView.swift */; };
		9E88DDF62C6DB27500815EE0 /* RegisterProfileViewController.swift in Sources */ = {isa = PBXBuildFile; fileRef = 9E88DDF52C6DB27500815EE0 /* RegisterProfileViewController.swift */; };
		9E88DDF92C6DB33D00815EE0 /* RegisterViewController.swift in Sources */ = {isa = PBXBuildFile; fileRef = 9E88DDF82C6DB33D00815EE0 /* RegisterViewController.swift */; };
		9E88DE032C6DC7C200815EE0 /* NicknameInputView.swift in Sources */ = {isa = PBXBuildFile; fileRef = 9E88DE022C6DC7C200815EE0 /* NicknameInputView.swift */; };
		9E88DE072C6DC85600815EE0 /* BaseView.swift in Sources */ = {isa = PBXBuildFile; fileRef = 9E88DE062C6DC85600815EE0 /* BaseView.swift */; };
		9E88DE0A2C6DD58B00815EE0 /* BirthInputView.swift in Sources */ = {isa = PBXBuildFile; fileRef = 9E88DE092C6DD58B00815EE0 /* BirthInputView.swift */; };
		9E88DE0C2C6DD75A00815EE0 /* SexInputView.swift in Sources */ = {isa = PBXBuildFile; fileRef = 9E88DE0B2C6DD75A00815EE0 /* SexInputView.swift */; };
		9E88DE132C73243600815EE0 /* RegisterLocationViewController.swift in Sources */ = {isa = PBXBuildFile; fileRef = 9E88DE122C73243600815EE0 /* RegisterLocationViewController.swift */; };
		9E88DE232C74263100815EE0 /* OnboardingHeaderView.swift in Sources */ = {isa = PBXBuildFile; fileRef = 9E88DE222C74263100815EE0 /* OnboardingHeaderView.swift */; };
		9E88DE272C74340500815EE0 /* OnboardingFooterView.swift in Sources */ = {isa = PBXBuildFile; fileRef = 9E88DE262C74340500815EE0 /* OnboardingFooterView.swift */; };
		9E88DE2A2C7437CA00815EE0 /* RegisterPreferenceCultrueViewController.swift in Sources */ = {isa = PBXBuildFile; fileRef = 9E88DE292C7437CA00815EE0 /* RegisterPreferenceCultrueViewController.swift */; };
		9E88DE2D2C7439AE00815EE0 /* PreferenceCultureView.swift in Sources */ = {isa = PBXBuildFile; fileRef = 9E88DE2C2C7439AE00815EE0 /* PreferenceCultureView.swift */; };
		9E88DE312C74475500815EE0 /* PreferenceCultureButton.swift in Sources */ = {isa = PBXBuildFile; fileRef = 9E88DE302C74475500815EE0 /* PreferenceCultureButton.swift */; };
		9E88DE332C7466E100815EE0 /* OnboardingProgressView.swift in Sources */ = {isa = PBXBuildFile; fileRef = 9E88DE322C7466E100815EE0 /* OnboardingProgressView.swift */; };
		9E88DE362C75774C00815EE0 /* OnboardingButton.swift in Sources */ = {isa = PBXBuildFile; fileRef = 9E88DE352C75774C00815EE0 /* OnboardingButton.swift */; };
		9E88DE382C75786000815EE0 /* RegisterPreferenceExhibitionViewController.swift in Sources */ = {isa = PBXBuildFile; fileRef = 9E88DE372C75786000815EE0 /* RegisterPreferenceExhibitionViewController.swift */; };
		9E88DE3B2C75794D00815EE0 /* PreferenceExhibitionView.swift in Sources */ = {isa = PBXBuildFile; fileRef = 9E88DE3A2C75794D00815EE0 /* PreferenceExhibitionView.swift */; };
		9E88DE3F2C75DD7800815EE0 /* PreferenceConcertView.swift in Sources */ = {isa = PBXBuildFile; fileRef = 9E88DE3E2C75DD7800815EE0 /* PreferenceConcertView.swift */; };
		9E88DE412C75E10900815EE0 /* RegisterPreferenceConcertViewController.swift in Sources */ = {isa = PBXBuildFile; fileRef = 9E88DE402C75E10900815EE0 /* RegisterPreferenceConcertViewController.swift */; };
		9E9C31032C6C739800F8B01A /* LaunchScreen.storyboard in Resources */ = {isa = PBXBuildFile; fileRef = 9E9C30FF2C6C739800F8B01A /* LaunchScreen.storyboard */; };
		9E9C31042C6C739800F8B01A /* Main.storyboard in Resources */ = {isa = PBXBuildFile; fileRef = 9E9C31012C6C739800F8B01A /* Main.storyboard */; };
/* End PBXBuildFile section */

/* Begin PBXFileReference section */
		8AB397A7E0206332D2CF6DB2 /* Pods-WooHyepHa-iOS.debug.xcconfig */ = {isa = PBXFileReference; includeInIndex = 1; lastKnownFileType = text.xcconfig; name = "Pods-WooHyepHa-iOS.debug.xcconfig"; path = "Target Support Files/Pods-WooHyepHa-iOS/Pods-WooHyepHa-iOS.debug.xcconfig"; sourceTree = "<group>"; };
		9E0FF1E72C5A23E500544674 /* Extension + UIColor.swift */ = {isa = PBXFileReference; lastKnownFileType = sourcecode.swift; path = "Extension + UIColor.swift"; sourceTree = "<group>"; };
		9E0FF1F32C5A252E00544674 /* Extension + UIFont.swift */ = {isa = PBXFileReference; lastKnownFileType = sourcecode.swift; path = "Extension + UIFont.swift"; sourceTree = "<group>"; };
		9E0FF1F62C5A28C500544674 /* BaseViewController.swift */ = {isa = PBXFileReference; lastKnownFileType = sourcecode.swift; path = BaseViewController.swift; sourceTree = "<group>"; };
		9E0FF2952C6B066200544674 /* TabBarItemType.swift */ = {isa = PBXFileReference; lastKnownFileType = sourcecode.swift; path = TabBarItemType.swift; sourceTree = "<group>"; };
		9E0FF2972C6B08E300544674 /* TabBarCoordinator.swift */ = {isa = PBXFileReference; lastKnownFileType = sourcecode.swift; path = TabBarCoordinator.swift; sourceTree = "<group>"; };
		9E0FF29A2C6B095600544674 /* Coordinator.swift */ = {isa = PBXFileReference; lastKnownFileType = sourcecode.swift; path = Coordinator.swift; sourceTree = "<group>"; };
		9E0FF29C2C6B099900544674 /* AppCoordinator.swift */ = {isa = PBXFileReference; lastKnownFileType = sourcecode.swift; path = AppCoordinator.swift; sourceTree = "<group>"; };
		9E0FF2A32C6B0A2B00544674 /* HomeCoordinator.swift */ = {isa = PBXFileReference; lastKnownFileType = sourcecode.swift; path = HomeCoordinator.swift; sourceTree = "<group>"; };
		9E0FF2A52C6B0A5F00544674 /* HomeViewController.swift */ = {isa = PBXFileReference; lastKnownFileType = sourcecode.swift; path = HomeViewController.swift; sourceTree = "<group>"; };
		9E0FF2A72C6B0AB400544674 /* MatingViewController.swift */ = {isa = PBXFileReference; lastKnownFileType = sourcecode.swift; path = MatingViewController.swift; sourceTree = "<group>"; };
		9E0FF2A92C6B0AD100544674 /* MatingCoordinator.swift */ = {isa = PBXFileReference; lastKnownFileType = sourcecode.swift; path = MatingCoordinator.swift; sourceTree = "<group>"; };
		9E0FF2AB2C6B0B2800544674 /* MapViewController.swift */ = {isa = PBXFileReference; lastKnownFileType = sourcecode.swift; path = MapViewController.swift; sourceTree = "<group>"; };
		9E0FF2AD2C6B0B4F00544674 /* MapCoordinator.swift */ = {isa = PBXFileReference; lastKnownFileType = sourcecode.swift; path = MapCoordinator.swift; sourceTree = "<group>"; };
		9E0FF2AF2C6B0B8500544674 /* ChatViewController.swift */ = {isa = PBXFileReference; lastKnownFileType = sourcecode.swift; path = ChatViewController.swift; sourceTree = "<group>"; };
		9E0FF2B12C6B0B9D00544674 /* ChatCoordinator.swift */ = {isa = PBXFileReference; lastKnownFileType = sourcecode.swift; path = ChatCoordinator.swift; sourceTree = "<group>"; };
		9E0FF2B32C6B0C3500544674 /* MyPageViewController.swift */ = {isa = PBXFileReference; lastKnownFileType = sourcecode.swift; path = MyPageViewController.swift; sourceTree = "<group>"; };
		9E0FF2B52C6B0C5100544674 /* MyPageCoordinator.swift */ = {isa = PBXFileReference; lastKnownFileType = sourcecode.swift; path = MyPageCoordinator.swift; sourceTree = "<group>"; };
		9E0FF2B82C6C4F5A00544674 /* SplashViewController.swift */ = {isa = PBXFileReference; lastKnownFileType = sourcecode.swift; path = SplashViewController.swift; sourceTree = "<group>"; };
		9E0FF2BC2C6C58BB00544674 /* LoginViewController.swift */ = {isa = PBXFileReference; lastKnownFileType = sourcecode.swift; path = LoginViewController.swift; sourceTree = "<group>"; };
		9E0FF2BF2C6C59D700544674 /* OnboardingCoordinator.swift */ = {isa = PBXFileReference; lastKnownFileType = sourcecode.swift; path = OnboardingCoordinator.swift; sourceTree = "<group>"; };
		9E0FF2C42C6C62FA00544674 /* BaseHeaderView.swift */ = {isa = PBXFileReference; lastKnownFileType = sourcecode.swift; path = BaseHeaderView.swift; sourceTree = "<group>"; };
		9E0FF2C72C6C696600544674 /* Pretendard-Light.otf */ = {isa = PBXFileReference; lastKnownFileType = file; path = "Pretendard-Light.otf"; sourceTree = "<group>"; };
		9E0FF2C82C6C696700544674 /* Pretendard-Regular.otf */ = {isa = PBXFileReference; lastKnownFileType = file; path = "Pretendard-Regular.otf"; sourceTree = "<group>"; };
		9E0FF2C92C6C696700544674 /* Pretendard-Medium.otf */ = {isa = PBXFileReference; lastKnownFileType = file; path = "Pretendard-Medium.otf"; sourceTree = "<group>"; };
		9E0FF2CA2C6C696700544674 /* Pretendard-SemiBold.otf */ = {isa = PBXFileReference; lastKnownFileType = file; path = "Pretendard-SemiBold.otf"; sourceTree = "<group>"; };
		9E0FF2D12C6C6D7A00544674 /* Pretendard-Bold.otf */ = {isa = PBXFileReference; lastKnownFileType = file; path = "Pretendard-Bold.otf"; sourceTree = "<group>"; };
		9E5906612C4F993C00647DEE /* WooHyepHa-iOS.app */ = {isa = PBXFileReference; explicitFileType = wrapper.application; includeInIndex = 0; path = "WooHyepHa-iOS.app"; sourceTree = BUILT_PRODUCTS_DIR; };
		9E5906642C4F993C00647DEE /* AppDelegate.swift */ = {isa = PBXFileReference; lastKnownFileType = sourcecode.swift; path = AppDelegate.swift; sourceTree = "<group>"; };
		9E5906662C4F993C00647DEE /* SceneDelegate.swift */ = {isa = PBXFileReference; lastKnownFileType = sourcecode.swift; path = SceneDelegate.swift; sourceTree = "<group>"; };
		9E5906682C4F993C00647DEE /* ViewController.swift */ = {isa = PBXFileReference; lastKnownFileType = sourcecode.swift; path = ViewController.swift; sourceTree = "<group>"; };
		9E59066D2C4F993D00647DEE /* Assets.xcassets */ = {isa = PBXFileReference; lastKnownFileType = folder.assetcatalog; path = Assets.xcassets; sourceTree = "<group>"; };
		9E66792A2C760FF000832440 /* PreferenceMusicalView.swift */ = {isa = PBXFileReference; lastKnownFileType = sourcecode.swift; path = PreferenceMusicalView.swift; sourceTree = "<group>"; };
		9E66792C2C76131700832440 /* RegisterPreferenceMusicalViewController.swift */ = {isa = PBXFileReference; lastKnownFileType = sourcecode.swift; path = RegisterPreferenceMusicalViewController.swift; sourceTree = "<group>"; };
		9E6679302C761A4100832440 /* PreferenceClassicView.swift */ = {isa = PBXFileReference; lastKnownFileType = sourcecode.swift; path = PreferenceClassicView.swift; sourceTree = "<group>"; };
		9E6679322C761CF500832440 /* RegisterPreferenceClassicViewController.swift */ = {isa = PBXFileReference; lastKnownFileType = sourcecode.swift; path = RegisterPreferenceClassicViewController.swift; sourceTree = "<group>"; };
		9E88DDF02C6DA57100815EE0 /* Extension + UIView.swift */ = {isa = PBXFileReference; lastKnownFileType = sourcecode.swift; path = "Extension + UIView.swift"; sourceTree = "<group>"; };
		9E88DDF52C6DB27500815EE0 /* RegisterProfileViewController.swift */ = {isa = PBXFileReference; lastKnownFileType = sourcecode.swift; path = RegisterProfileViewController.swift; sourceTree = "<group>"; };
		9E88DDF82C6DB33D00815EE0 /* RegisterViewController.swift */ = {isa = PBXFileReference; lastKnownFileType = sourcecode.swift; path = RegisterViewController.swift; sourceTree = "<group>"; };
		9E88DE022C6DC7C200815EE0 /* NicknameInputView.swift */ = {isa = PBXFileReference; lastKnownFileType = sourcecode.swift; path = NicknameInputView.swift; sourceTree = "<group>"; };
		9E88DE062C6DC85600815EE0 /* BaseView.swift */ = {isa = PBXFileReference; lastKnownFileType = sourcecode.swift; path = BaseView.swift; sourceTree = "<group>"; };
		9E88DE092C6DD58B00815EE0 /* BirthInputView.swift */ = {isa = PBXFileReference; lastKnownFileType = sourcecode.swift; path = BirthInputView.swift; sourceTree = "<group>"; };
		9E88DE0B2C6DD75A00815EE0 /* SexInputView.swift */ = {isa = PBXFileReference; lastKnownFileType = sourcecode.swift; path = SexInputView.swift; sourceTree = "<group>"; };
		9E88DE122C73243600815EE0 /* RegisterLocationViewController.swift */ = {isa = PBXFileReference; lastKnownFileType = sourcecode.swift; path = RegisterLocationViewController.swift; sourceTree = "<group>"; };
		9E88DE222C74263100815EE0 /* OnboardingHeaderView.swift */ = {isa = PBXFileReference; lastKnownFileType = sourcecode.swift; path = OnboardingHeaderView.swift; sourceTree = "<group>"; };
		9E88DE262C74340500815EE0 /* OnboardingFooterView.swift */ = {isa = PBXFileReference; lastKnownFileType = sourcecode.swift; path = OnboardingFooterView.swift; sourceTree = "<group>"; };
		9E88DE292C7437CA00815EE0 /* RegisterPreferenceCultrueViewController.swift */ = {isa = PBXFileReference; lastKnownFileType = sourcecode.swift; path = RegisterPreferenceCultrueViewController.swift; sourceTree = "<group>"; };
		9E88DE2C2C7439AE00815EE0 /* PreferenceCultureView.swift */ = {isa = PBXFileReference; lastKnownFileType = sourcecode.swift; path = PreferenceCultureView.swift; sourceTree = "<group>"; };
		9E88DE302C74475500815EE0 /* PreferenceCultureButton.swift */ = {isa = PBXFileReference; lastKnownFileType = sourcecode.swift; path = PreferenceCultureButton.swift; sourceTree = "<group>"; };
		9E88DE322C7466E100815EE0 /* OnboardingProgressView.swift */ = {isa = PBXFileReference; lastKnownFileType = sourcecode.swift; path = OnboardingProgressView.swift; sourceTree = "<group>"; };
		9E88DE352C75774C00815EE0 /* OnboardingButton.swift */ = {isa = PBXFileReference; lastKnownFileType = sourcecode.swift; path = OnboardingButton.swift; sourceTree = "<group>"; };
		9E88DE372C75786000815EE0 /* RegisterPreferenceExhibitionViewController.swift */ = {isa = PBXFileReference; lastKnownFileType = sourcecode.swift; path = RegisterPreferenceExhibitionViewController.swift; sourceTree = "<group>"; };
		9E88DE3A2C75794D00815EE0 /* PreferenceExhibitionView.swift */ = {isa = PBXFileReference; lastKnownFileType = sourcecode.swift; path = PreferenceExhibitionView.swift; sourceTree = "<group>"; };
		9E88DE3E2C75DD7800815EE0 /* PreferenceConcertView.swift */ = {isa = PBXFileReference; lastKnownFileType = sourcecode.swift; path = PreferenceConcertView.swift; sourceTree = "<group>"; };
		9E88DE402C75E10900815EE0 /* RegisterPreferenceConcertViewController.swift */ = {isa = PBXFileReference; lastKnownFileType = sourcecode.swift; path = RegisterPreferenceConcertViewController.swift; sourceTree = "<group>"; };
		9E9C31002C6C739800F8B01A /* Base */ = {isa = PBXFileReference; lastKnownFileType = file.storyboard; name = Base; path = LaunchScreen.storyboard; sourceTree = "<group>"; };
		9E9C31022C6C739800F8B01A /* Base */ = {isa = PBXFileReference; lastKnownFileType = file.storyboard; name = Base; path = Main.storyboard; sourceTree = "<group>"; };
		9E9C310F2C6C77AC00F8B01A /* Info.plist */ = {isa = PBXFileReference; fileEncoding = 4; lastKnownFileType = text.plist.xml; path = Info.plist; sourceTree = "<group>"; };
		C8723918103271AC2055FC17 /* Pods_WooHyepHa_iOS.framework */ = {isa = PBXFileReference; explicitFileType = wrapper.framework; includeInIndex = 0; path = Pods_WooHyepHa_iOS.framework; sourceTree = BUILT_PRODUCTS_DIR; };
		F8B1175900842BD9C5980C99 /* Pods-WooHyepHa-iOS.release.xcconfig */ = {isa = PBXFileReference; includeInIndex = 1; lastKnownFileType = text.xcconfig; name = "Pods-WooHyepHa-iOS.release.xcconfig"; path = "Target Support Files/Pods-WooHyepHa-iOS/Pods-WooHyepHa-iOS.release.xcconfig"; sourceTree = "<group>"; };
/* End PBXFileReference section */

/* Begin PBXFrameworksBuildPhase section */
		9E59065E2C4F993C00647DEE /* Frameworks */ = {
			isa = PBXFrameworksBuildPhase;
			buildActionMask = 2147483647;
			files = (
				7EBDB5FD5FA6FBC1F01F4F8A /* Pods_WooHyepHa_iOS.framework in Frameworks */,
			);
			runOnlyForDeploymentPostprocessing = 0;
		};
/* End PBXFrameworksBuildPhase section */

/* Begin PBXGroup section */
		32E9F43856E3059A2BB44649 /* Pods */ = {
			isa = PBXGroup;
			children = (
				8AB397A7E0206332D2CF6DB2 /* Pods-WooHyepHa-iOS.debug.xcconfig */,
				F8B1175900842BD9C5980C99 /* Pods-WooHyepHa-iOS.release.xcconfig */,
			);
			path = Pods;
			sourceTree = "<group>";
		};
		9E0FF1DE2C5A21BF00544674 /* Resources */ = {
			isa = PBXGroup;
			children = (
				9E9C310F2C6C77AC00F8B01A /* Info.plist */,
				9E9C30FE2C6C739800F8B01A /* Base.lproj */,
				9E0FF1E02C5A21DD00544674 /* Fonts */,
				9E59066D2C4F993D00647DEE /* Assets.xcassets */,
			);
			path = Resources;
			sourceTree = "<group>";
		};
		9E0FF1E02C5A21DD00544674 /* Fonts */ = {
			isa = PBXGroup;
			children = (
				9E0FF2D12C6C6D7A00544674 /* Pretendard-Bold.otf */,
				9E0FF2C72C6C696600544674 /* Pretendard-Light.otf */,
				9E0FF2C92C6C696700544674 /* Pretendard-Medium.otf */,
				9E0FF2C82C6C696700544674 /* Pretendard-Regular.otf */,
				9E0FF2CA2C6C696700544674 /* Pretendard-SemiBold.otf */,
			);
			path = Fonts;
			sourceTree = "<group>";
		};
		9E0FF1F92C5B2D7C00544674 /* Sources */ = {
			isa = PBXGroup;
			children = (
				9E0FF2002C5B2E7C00544674 /* App */,
				9E0FF1FF2C5B2E7800544674 /* Data */,
				9E0FF1FE2C5B2E7400544674 /* Domain */,
				9E0FF1FD2C5B2E6900544674 /* Presentation */,
				9E0FF1FA2C5B2E4B00544674 /* Utils */,
			);
			path = Sources;
			sourceTree = "<group>";
		};
		9E0FF1FA2C5B2E4B00544674 /* Utils */ = {
			isa = PBXGroup;
			children = (
				9E0FF1FC2C5B2E5C00544674 /* Extensions */,
				9E0FF1FB2C5B2E5200544674 /* Base */,
			);
			path = Utils;
			sourceTree = "<group>";
		};
		9E0FF1FB2C5B2E5200544674 /* Base */ = {
			isa = PBXGroup;
			children = (
				9E0FF1F62C5A28C500544674 /* BaseViewController.swift */,
				9E0FF2C42C6C62FA00544674 /* BaseHeaderView.swift */,
				9E88DE062C6DC85600815EE0 /* BaseView.swift */,
			);
			path = Base;
			sourceTree = "<group>";
		};
		9E0FF1FC2C5B2E5C00544674 /* Extensions */ = {
			isa = PBXGroup;
			children = (
				9E0FF1E72C5A23E500544674 /* Extension + UIColor.swift */,
				9E0FF1F32C5A252E00544674 /* Extension + UIFont.swift */,
				9E88DDF02C6DA57100815EE0 /* Extension + UIView.swift */,
			);
			path = Extensions;
			sourceTree = "<group>";
		};
		9E0FF1FD2C5B2E6900544674 /* Presentation */ = {
			isa = PBXGroup;
			children = (
				9E0FF2BA2C6C58A400544674 /* Onboarding */,
				9E0FF2B72C6C4F4C00544674 /* Splash */,
				9E0FF2932C6B062000544674 /* Tab */,
				9E5906682C4F993C00647DEE /* ViewController.swift */,
			);
			path = Presentation;
			sourceTree = "<group>";
		};
		9E0FF1FE2C5B2E7400544674 /* Domain */ = {
			isa = PBXGroup;
			children = (
			);
			path = Domain;
			sourceTree = "<group>";
		};
		9E0FF1FF2C5B2E7800544674 /* Data */ = {
			isa = PBXGroup;
			children = (
			);
			path = Data;
			sourceTree = "<group>";
		};
		9E0FF2002C5B2E7C00544674 /* App */ = {
			isa = PBXGroup;
			children = (
				9E0FF2992C6B094900544674 /* Coordinator */,
				9E5906642C4F993C00647DEE /* AppDelegate.swift */,
				9E5906662C4F993C00647DEE /* SceneDelegate.swift */,
			);
			path = App;
			sourceTree = "<group>";
		};
		9E0FF2932C6B062000544674 /* Tab */ = {
			isa = PBXGroup;
			children = (
				9E0FF2942C6B063400544674 /* Coordinator */,
				9E0FF2A22C6B0A0800544674 /* Home */,
				9E0FF2A12C6B0A0200544674 /* Mating */,
				9E0FF2A02C6B09F800544674 /* Map */,
				9E0FF29F2C6B09F300544674 /* Chat */,
				9E0FF29E2C6B09EA00544674 /* MyPage */,
			);
			path = Tab;
			sourceTree = "<group>";
		};
		9E0FF2942C6B063400544674 /* Coordinator */ = {
			isa = PBXGroup;
			children = (
				9E0FF2952C6B066200544674 /* TabBarItemType.swift */,
				9E0FF2972C6B08E300544674 /* TabBarCoordinator.swift */,
			);
			path = Coordinator;
			sourceTree = "<group>";
		};
		9E0FF2992C6B094900544674 /* Coordinator */ = {
			isa = PBXGroup;
			children = (
				9E0FF29A2C6B095600544674 /* Coordinator.swift */,
				9E0FF29C2C6B099900544674 /* AppCoordinator.swift */,
			);
			path = Coordinator;
			sourceTree = "<group>";
		};
		9E0FF29E2C6B09EA00544674 /* MyPage */ = {
			isa = PBXGroup;
			children = (
				9E0FF2B52C6B0C5100544674 /* MyPageCoordinator.swift */,
				9E0FF2B32C6B0C3500544674 /* MyPageViewController.swift */,
			);
			path = MyPage;
			sourceTree = "<group>";
		};
		9E0FF29F2C6B09F300544674 /* Chat */ = {
			isa = PBXGroup;
			children = (
				9E0FF2B12C6B0B9D00544674 /* ChatCoordinator.swift */,
				9E0FF2AF2C6B0B8500544674 /* ChatViewController.swift */,
			);
			path = Chat;
			sourceTree = "<group>";
		};
		9E0FF2A02C6B09F800544674 /* Map */ = {
			isa = PBXGroup;
			children = (
				9E0FF2AD2C6B0B4F00544674 /* MapCoordinator.swift */,
				9E0FF2AB2C6B0B2800544674 /* MapViewController.swift */,
			);
			path = Map;
			sourceTree = "<group>";
		};
		9E0FF2A12C6B0A0200544674 /* Mating */ = {
			isa = PBXGroup;
			children = (
				9E0FF2A92C6B0AD100544674 /* MatingCoordinator.swift */,
				9E0FF2A72C6B0AB400544674 /* MatingViewController.swift */,
			);
			path = Mating;
			sourceTree = "<group>";
		};
		9E0FF2A22C6B0A0800544674 /* Home */ = {
			isa = PBXGroup;
			children = (
				9E0FF2A32C6B0A2B00544674 /* HomeCoordinator.swift */,
				9E0FF2A52C6B0A5F00544674 /* HomeViewController.swift */,
			);
			path = Home;
			sourceTree = "<group>";
		};
		9E0FF2B72C6C4F4C00544674 /* Splash */ = {
			isa = PBXGroup;
			children = (
				9E0FF2B82C6C4F5A00544674 /* SplashViewController.swift */,
			);
			path = Splash;
			sourceTree = "<group>";
		};
		9E0FF2BA2C6C58A400544674 /* Onboarding */ = {
			isa = PBXGroup;
			children = (
				9E88DE212C74262400815EE0 /* Components */,
				9E0FF2BE2C6C59C700544674 /* Coordinator */,
				9E0FF2BB2C6C58B200544674 /* Login */,
				9E88DDF22C6DAFA900815EE0 /* Register */,
				9E88DDF32C6DB24200815EE0 /* RegisterProfile */,
				9E88DE112C73240D00815EE0 /* RegisterLocation */,
				9E88DE282C74376000815EE0 /* RegisterPreferenceCulture */,
				9E88DE342C7576DC00815EE0 /* RegisterPreferenceExhibition */,
				9E88DE3C2C75DD4B00815EE0 /* RegisterPreferenceConcert */,
				9E6679282C760FBB00832440 /* RegisterPreferenceMusical */,
				9E66792E2C761A1300832440 /* RegisterPreferenceClassic */,
			);
			path = Onboarding;
			sourceTree = "<group>";
		};
		9E0FF2BB2C6C58B200544674 /* Login */ = {
			isa = PBXGroup;
			children = (
				9E0FF2BC2C6C58BB00544674 /* LoginViewController.swift */,
			);
			path = Login;
			sourceTree = "<group>";
		};
		9E0FF2BE2C6C59C700544674 /* Coordinator */ = {
			isa = PBXGroup;
			children = (
				9E0FF2BF2C6C59D700544674 /* OnboardingCoordinator.swift */,
			);
			path = Coordinator;
			sourceTree = "<group>";
		};
		9E5906582C4F993C00647DEE = {
			isa = PBXGroup;
			children = (
				9E5906632C4F993C00647DEE /* WooHyepHa-iOS */,
				9E5906622C4F993C00647DEE /* Products */,
				32E9F43856E3059A2BB44649 /* Pods */,
				DBB508E73FB8890C4E13B4C0 /* Frameworks */,
			);
			sourceTree = "<group>";
		};
		9E5906622C4F993C00647DEE /* Products */ = {
			isa = PBXGroup;
			children = (
				9E5906612C4F993C00647DEE /* WooHyepHa-iOS.app */,
			);
			name = Products;
			sourceTree = "<group>";
		};
		9E5906632C4F993C00647DEE /* WooHyepHa-iOS */ = {
			isa = PBXGroup;
			children = (
				9E0FF1F92C5B2D7C00544674 /* Sources */,
				9E0FF1DE2C5A21BF00544674 /* Resources */,
			);
			path = "WooHyepHa-iOS";
			sourceTree = "<group>";
		};
		9E6679282C760FBB00832440 /* RegisterPreferenceMusical */ = {
			isa = PBXGroup;
			children = (
				9E6679292C760FDA00832440 /* Components */,
				9E66792C2C76131700832440 /* RegisterPreferenceMusicalViewController.swift */,
			);
			path = RegisterPreferenceMusical;
			sourceTree = "<group>";
		};
		9E6679292C760FDA00832440 /* Components */ = {
			isa = PBXGroup;
			children = (
				9E66792A2C760FF000832440 /* PreferenceMusicalView.swift */,
			);
			path = Components;
			sourceTree = "<group>";
		};
		9E66792E2C761A1300832440 /* RegisterPreferenceClassic */ = {
			isa = PBXGroup;
			children = (
				9E66792F2C761A2E00832440 /* Components */,
				9E6679322C761CF500832440 /* RegisterPreferenceClassicViewController.swift */,
			);
			path = RegisterPreferenceClassic;
			sourceTree = "<group>";
		};
		9E66792F2C761A2E00832440 /* Components */ = {
			isa = PBXGroup;
			children = (
				9E6679302C761A4100832440 /* PreferenceClassicView.swift */,
			);
			path = Components;
			sourceTree = "<group>";
		};
		9E88DDF22C6DAFA900815EE0 /* Register */ = {
			isa = PBXGroup;
			children = (
				9E88DDF82C6DB33D00815EE0 /* RegisterViewController.swift */,
			);
			path = Register;
			sourceTree = "<group>";
		};
		9E88DDF32C6DB24200815EE0 /* RegisterProfile */ = {
			isa = PBXGroup;
			children = (
				9E88DDFD2C6DBBE900815EE0 /* Components */,
				9E88DDF52C6DB27500815EE0 /* RegisterProfileViewController.swift */,
			);
			path = RegisterProfile;
			sourceTree = "<group>";
		};
		9E88DDFD2C6DBBE900815EE0 /* Components */ = {
			isa = PBXGroup;
			children = (
				9E88DE022C6DC7C200815EE0 /* NicknameInputView.swift */,
				9E88DE092C6DD58B00815EE0 /* BirthInputView.swift */,
				9E88DE0B2C6DD75A00815EE0 /* SexInputView.swift */,
			);
			path = Components;
			sourceTree = "<group>";
		};
		9E88DE112C73240D00815EE0 /* RegisterLocation */ = {
			isa = PBXGroup;
			children = (
				9E88DE122C73243600815EE0 /* RegisterLocationViewController.swift */,
			);
			path = RegisterLocation;
			sourceTree = "<group>";
		};
		9E88DE212C74262400815EE0 /* Components */ = {
			isa = PBXGroup;
			children = (
				9E88DE222C74263100815EE0 /* OnboardingHeaderView.swift */,
				9E88DE262C74340500815EE0 /* OnboardingFooterView.swift */,
				9E88DE322C7466E100815EE0 /* OnboardingProgressView.swift */,
				9E88DE352C75774C00815EE0 /* OnboardingButton.swift */,
			);
			path = Components;
			sourceTree = "<group>";
		};
		9E88DE282C74376000815EE0 /* RegisterPreferenceCulture */ = {
			isa = PBXGroup;
			children = (
				9E88DE2B2C74399500815EE0 /* Components */,
				9E88DE292C7437CA00815EE0 /* RegisterPreferenceCultrueViewController.swift */,
			);
			path = RegisterPreferenceCulture;
			sourceTree = "<group>";
		};
		9E88DE2B2C74399500815EE0 /* Components */ = {
			isa = PBXGroup;
			children = (
				9E88DE2C2C7439AE00815EE0 /* PreferenceCultureView.swift */,
				9E88DE302C74475500815EE0 /* PreferenceCultureButton.swift */,
			);
			path = Components;
			sourceTree = "<group>";
		};
		9E88DE342C7576DC00815EE0 /* RegisterPreferenceExhibition */ = {
			isa = PBXGroup;
			children = (
				9E88DE392C75793C00815EE0 /* Components */,
				9E88DE372C75786000815EE0 /* RegisterPreferenceExhibitionViewController.swift */,
			);
			path = RegisterPreferenceExhibition;
			sourceTree = "<group>";
		};
		9E88DE392C75793C00815EE0 /* Components */ = {
			isa = PBXGroup;
			children = (
				9E88DE3A2C75794D00815EE0 /* PreferenceExhibitionView.swift */,
			);
			path = Components;
			sourceTree = "<group>";
		};
		9E88DE3C2C75DD4B00815EE0 /* RegisterPreferenceConcert */ = {
			isa = PBXGroup;
			children = (
				9E88DE3D2C75DD6600815EE0 /* Components */,
				9E88DE402C75E10900815EE0 /* RegisterPreferenceConcertViewController.swift */,
			);
			path = RegisterPreferenceConcert;
			sourceTree = "<group>";
		};
		9E88DE3D2C75DD6600815EE0 /* Components */ = {
			isa = PBXGroup;
			children = (
				9E88DE3E2C75DD7800815EE0 /* PreferenceConcertView.swift */,
			);
			path = Components;
			sourceTree = "<group>";
		};
		9E9C30FE2C6C739800F8B01A /* Base.lproj */ = {
			isa = PBXGroup;
			children = (
				9E9C30FF2C6C739800F8B01A /* LaunchScreen.storyboard */,
				9E9C31012C6C739800F8B01A /* Main.storyboard */,
			);
			path = Base.lproj;
			sourceTree = "<group>";
		};
		DBB508E73FB8890C4E13B4C0 /* Frameworks */ = {
			isa = PBXGroup;
			children = (
				C8723918103271AC2055FC17 /* Pods_WooHyepHa_iOS.framework */,
			);
			name = Frameworks;
			sourceTree = "<group>";
		};
/* End PBXGroup section */

/* Begin PBXNativeTarget section */
		9E5906602C4F993C00647DEE /* WooHyepHa-iOS */ = {
			isa = PBXNativeTarget;
			buildConfigurationList = 9E5906752C4F993D00647DEE /* Build configuration list for PBXNativeTarget "WooHyepHa-iOS" */;
			buildPhases = (
				7DE13E184E81D867A0821707 /* [CP] Check Pods Manifest.lock */,
				9E59065D2C4F993C00647DEE /* Sources */,
				9E59065E2C4F993C00647DEE /* Frameworks */,
				9E59065F2C4F993C00647DEE /* Resources */,
				872A54CC0ADBD5623D3107B9 /* [CP] Embed Pods Frameworks */,
			);
			buildRules = (
			);
			dependencies = (
			);
			name = "WooHyepHa-iOS";
			productName = "WooHyepHa-iOS";
			productReference = 9E5906612C4F993C00647DEE /* WooHyepHa-iOS.app */;
			productType = "com.apple.product-type.application";
		};
/* End PBXNativeTarget section */

/* Begin PBXProject section */
		9E5906592C4F993C00647DEE /* Project object */ = {
			isa = PBXProject;
			attributes = {
				BuildIndependentTargetsInParallel = 1;
				LastSwiftUpdateCheck = 1520;
				LastUpgradeCheck = 1520;
				TargetAttributes = {
					9E5906602C4F993C00647DEE = {
						CreatedOnToolsVersion = 15.2;
					};
				};
			};
			buildConfigurationList = 9E59065C2C4F993C00647DEE /* Build configuration list for PBXProject "WooHyepHa-iOS" */;
			compatibilityVersion = "Xcode 14.0";
			developmentRegion = en;
			hasScannedForEncodings = 0;
			knownRegions = (
				en,
				Base,
			);
			mainGroup = 9E5906582C4F993C00647DEE;
			productRefGroup = 9E5906622C4F993C00647DEE /* Products */;
			projectDirPath = "";
			projectRoot = "";
			targets = (
				9E5906602C4F993C00647DEE /* WooHyepHa-iOS */,
			);
		};
/* End PBXProject section */

/* Begin PBXResourcesBuildPhase section */
		9E59065F2C4F993C00647DEE /* Resources */ = {
			isa = PBXResourcesBuildPhase;
			buildActionMask = 2147483647;
			files = (
				9E59066E2C4F993D00647DEE /* Assets.xcassets in Resources */,
				9E9C31042C6C739800F8B01A /* Main.storyboard in Resources */,
				9E9C31032C6C739800F8B01A /* LaunchScreen.storyboard in Resources */,
				9E0FF2D22C6C6D7A00544674 /* Pretendard-Bold.otf in Resources */,
				9E0FF2CF2C6C696700544674 /* Pretendard-SemiBold.otf in Resources */,
				9E0FF2CD2C6C696700544674 /* Pretendard-Regular.otf in Resources */,
				9E0FF2CC2C6C696700544674 /* Pretendard-Light.otf in Resources */,
				9E0FF2CE2C6C696700544674 /* Pretendard-Medium.otf in Resources */,
			);
			runOnlyForDeploymentPostprocessing = 0;
		};
/* End PBXResourcesBuildPhase section */

/* Begin PBXShellScriptBuildPhase section */
		7DE13E184E81D867A0821707 /* [CP] Check Pods Manifest.lock */ = {
			isa = PBXShellScriptBuildPhase;
			buildActionMask = 2147483647;
			files = (
			);
			inputFileListPaths = (
			);
			inputPaths = (
				"${PODS_PODFILE_DIR_PATH}/Podfile.lock",
				"${PODS_ROOT}/Manifest.lock",
			);
			name = "[CP] Check Pods Manifest.lock";
			outputFileListPaths = (
			);
			outputPaths = (
				"$(DERIVED_FILE_DIR)/Pods-WooHyepHa-iOS-checkManifestLockResult.txt",
			);
			runOnlyForDeploymentPostprocessing = 0;
			shellPath = /bin/sh;
			shellScript = "diff \"${PODS_PODFILE_DIR_PATH}/Podfile.lock\" \"${PODS_ROOT}/Manifest.lock\" > /dev/null\nif [ $? != 0 ] ; then\n    # print error to STDERR\n    echo \"error: The sandbox is not in sync with the Podfile.lock. Run 'pod install' or update your CocoaPods installation.\" >&2\n    exit 1\nfi\n# This output is used by Xcode 'outputs' to avoid re-running this script phase.\necho \"SUCCESS\" > \"${SCRIPT_OUTPUT_FILE_0}\"\n";
			showEnvVarsInLog = 0;
		};
		872A54CC0ADBD5623D3107B9 /* [CP] Embed Pods Frameworks */ = {
			isa = PBXShellScriptBuildPhase;
			buildActionMask = 2147483647;
			files = (
			);
			inputFileListPaths = (
				"${PODS_ROOT}/Target Support Files/Pods-WooHyepHa-iOS/Pods-WooHyepHa-iOS-frameworks-${CONFIGURATION}-input-files.xcfilelist",
			);
			name = "[CP] Embed Pods Frameworks";
			outputFileListPaths = (
				"${PODS_ROOT}/Target Support Files/Pods-WooHyepHa-iOS/Pods-WooHyepHa-iOS-frameworks-${CONFIGURATION}-output-files.xcfilelist",
			);
			runOnlyForDeploymentPostprocessing = 0;
			shellPath = /bin/sh;
			shellScript = "\"${PODS_ROOT}/Target Support Files/Pods-WooHyepHa-iOS/Pods-WooHyepHa-iOS-frameworks.sh\"\n";
			showEnvVarsInLog = 0;
		};
/* End PBXShellScriptBuildPhase section */

/* Begin PBXSourcesBuildPhase section */
		9E59065D2C4F993C00647DEE /* Sources */ = {
			isa = PBXSourcesBuildPhase;
			buildActionMask = 2147483647;
			files = (
				9E88DE332C7466E100815EE0 /* OnboardingProgressView.swift in Sources */,
				9E88DE3B2C75794D00815EE0 /* PreferenceExhibitionView.swift in Sources */,
				9E88DE2D2C7439AE00815EE0 /* PreferenceCultureView.swift in Sources */,
				9E0FF2B42C6B0C3500544674 /* MyPageViewController.swift in Sources */,
				9E6679312C761A4100832440 /* PreferenceClassicView.swift in Sources */,
				9E5906692C4F993C00647DEE /* ViewController.swift in Sources */,
				9E0FF2AE2C6B0B4F00544674 /* MapCoordinator.swift in Sources */,
				9E0FF1E82C5A23E500544674 /* Extension + UIColor.swift in Sources */,
				9E66792B2C760FF000832440 /* PreferenceMusicalView.swift in Sources */,
				9E6679332C761CF500832440 /* RegisterPreferenceClassicViewController.swift in Sources */,
				9E0FF2AA2C6B0AD100544674 /* MatingCoordinator.swift in Sources */,
				9E0FF29D2C6B099900544674 /* AppCoordinator.swift in Sources */,
				9E66792D2C76131700832440 /* RegisterPreferenceMusicalViewController.swift in Sources */,
				9E0FF2982C6B08E300544674 /* TabBarCoordinator.swift in Sources */,
				9E88DE382C75786000815EE0 /* RegisterPreferenceExhibitionViewController.swift in Sources */,
				9E5906652C4F993C00647DEE /* AppDelegate.swift in Sources */,
				9E88DDF62C6DB27500815EE0 /* RegisterProfileViewController.swift in Sources */,
				9E88DE232C74263100815EE0 /* OnboardingHeaderView.swift in Sources */,
				9E0FF1F42C5A252E00544674 /* Extension + UIFont.swift in Sources */,
				9E0FF2B22C6B0B9D00544674 /* ChatCoordinator.swift in Sources */,
				9E0FF2BD2C6C58BB00544674 /* LoginViewController.swift in Sources */,
				9E0FF2C02C6C59D700544674 /* OnboardingCoordinator.swift in Sources */,
				9E88DE3F2C75DD7800815EE0 /* PreferenceConcertView.swift in Sources */,
				9E0FF2A82C6B0AB400544674 /* MatingViewController.swift in Sources */,
				9E88DDF12C6DA57100815EE0 /* Extension + UIView.swift in Sources */,
				9E5906672C4F993C00647DEE /* SceneDelegate.swift in Sources */,
				9E0FF2B92C6C4F5A00544674 /* SplashViewController.swift in Sources */,
				9E88DE0A2C6DD58B00815EE0 /* BirthInputView.swift in Sources */,
				9E0FF2962C6B066200544674 /* TabBarItemType.swift in Sources */,
				9E88DE312C74475500815EE0 /* PreferenceCultureButton.swift in Sources */,
				9E88DE072C6DC85600815EE0 /* BaseView.swift in Sources */,
				9E88DE412C75E10900815EE0 /* RegisterPreferenceConcertViewController.swift in Sources */,
				9E0FF2B02C6B0B8500544674 /* ChatViewController.swift in Sources */,
				9E88DE362C75774C00815EE0 /* OnboardingButton.swift in Sources */,
				9E0FF1F72C5A28C500544674 /* BaseViewController.swift in Sources */,
				9E0FF29B2C6B095600544674 /* Coordinator.swift in Sources */,
				9E0FF2A42C6B0A2B00544674 /* HomeCoordinator.swift in Sources */,
				9E88DE2A2C7437CA00815EE0 /* RegisterPreferenceCultrueViewController.swift in Sources */,
				9E88DDF92C6DB33D00815EE0 /* RegisterViewController.swift in Sources */,
				9E0FF2B62C6B0C5100544674 /* MyPageCoordinator.swift in Sources */,
				9E0FF2AC2C6B0B2800544674 /* MapViewController.swift in Sources */,
				9E0FF2A62C6B0A5F00544674 /* HomeViewController.swift in Sources */,
				9E88DE132C73243600815EE0 /* RegisterLocationViewController.swift in Sources */,
				9E88DE272C74340500815EE0 /* OnboardingFooterView.swift in Sources */,
				9E0FF2C52C6C62FA00544674 /* BaseHeaderView.swift in Sources */,
				9E88DE0C2C6DD75A00815EE0 /* SexInputView.swift in Sources */,
				9E88DE032C6DC7C200815EE0 /* NicknameInputView.swift in Sources */,
			);
			runOnlyForDeploymentPostprocessing = 0;
		};
/* End PBXSourcesBuildPhase section */

/* Begin PBXVariantGroup section */
		9E9C30FF2C6C739800F8B01A /* LaunchScreen.storyboard */ = {
			isa = PBXVariantGroup;
			children = (
				9E9C31002C6C739800F8B01A /* Base */,
			);
			name = LaunchScreen.storyboard;
			sourceTree = "<group>";
		};
		9E9C31012C6C739800F8B01A /* Main.storyboard */ = {
			isa = PBXVariantGroup;
			children = (
				9E9C31022C6C739800F8B01A /* Base */,
			);
			name = Main.storyboard;
			sourceTree = "<group>";
		};
/* End PBXVariantGroup section */

/* Begin XCBuildConfiguration section */
		9E5906732C4F993D00647DEE /* Debug */ = {
			isa = XCBuildConfiguration;
			buildSettings = {
				ALWAYS_SEARCH_USER_PATHS = NO;
				ASSETCATALOG_COMPILER_GENERATE_SWIFT_ASSET_SYMBOL_EXTENSIONS = YES;
				CLANG_ANALYZER_NONNULL = YES;
				CLANG_ANALYZER_NUMBER_OBJECT_CONVERSION = YES_AGGRESSIVE;
				CLANG_CXX_LANGUAGE_STANDARD = "gnu++20";
				CLANG_ENABLE_MODULES = YES;
				CLANG_ENABLE_OBJC_ARC = YES;
				CLANG_ENABLE_OBJC_WEAK = YES;
				CLANG_WARN_BLOCK_CAPTURE_AUTORELEASING = YES;
				CLANG_WARN_BOOL_CONVERSION = YES;
				CLANG_WARN_COMMA = YES;
				CLANG_WARN_CONSTANT_CONVERSION = YES;
				CLANG_WARN_DEPRECATED_OBJC_IMPLEMENTATIONS = YES;
				CLANG_WARN_DIRECT_OBJC_ISA_USAGE = YES_ERROR;
				CLANG_WARN_DOCUMENTATION_COMMENTS = YES;
				CLANG_WARN_EMPTY_BODY = YES;
				CLANG_WARN_ENUM_CONVERSION = YES;
				CLANG_WARN_INFINITE_RECURSION = YES;
				CLANG_WARN_INT_CONVERSION = YES;
				CLANG_WARN_NON_LITERAL_NULL_CONVERSION = YES;
				CLANG_WARN_OBJC_IMPLICIT_RETAIN_SELF = YES;
				CLANG_WARN_OBJC_LITERAL_CONVERSION = YES;
				CLANG_WARN_OBJC_ROOT_CLASS = YES_ERROR;
				CLANG_WARN_QUOTED_INCLUDE_IN_FRAMEWORK_HEADER = YES;
				CLANG_WARN_RANGE_LOOP_ANALYSIS = YES;
				CLANG_WARN_STRICT_PROTOTYPES = YES;
				CLANG_WARN_SUSPICIOUS_MOVE = YES;
				CLANG_WARN_UNGUARDED_AVAILABILITY = YES_AGGRESSIVE;
				CLANG_WARN_UNREACHABLE_CODE = YES;
				CLANG_WARN__DUPLICATE_METHOD_MATCH = YES;
				COPY_PHASE_STRIP = NO;
				DEBUG_INFORMATION_FORMAT = dwarf;
				ENABLE_STRICT_OBJC_MSGSEND = YES;
				ENABLE_TESTABILITY = YES;
				ENABLE_USER_SCRIPT_SANDBOXING = YES;
				GCC_C_LANGUAGE_STANDARD = gnu17;
				GCC_DYNAMIC_NO_PIC = NO;
				GCC_NO_COMMON_BLOCKS = YES;
				GCC_OPTIMIZATION_LEVEL = 0;
				GCC_PREPROCESSOR_DEFINITIONS = (
					"DEBUG=1",
					"$(inherited)",
				);
				GCC_WARN_64_TO_32_BIT_CONVERSION = YES;
				GCC_WARN_ABOUT_RETURN_TYPE = YES_ERROR;
				GCC_WARN_UNDECLARED_SELECTOR = YES;
				GCC_WARN_UNINITIALIZED_AUTOS = YES_AGGRESSIVE;
				GCC_WARN_UNUSED_FUNCTION = YES;
				GCC_WARN_UNUSED_VARIABLE = YES;
				GENERATE_INFOPLIST_FILE = NO;
				INFOPLIST_FILE = "/Users/seongil/Desktop/WooHyepHa-iOS/WooHyepHa-iOS/Resources/Info.plist";
				IPHONEOS_DEPLOYMENT_TARGET = 17.2;
				LOCALIZATION_PREFERS_STRING_CATALOGS = YES;
				MTL_ENABLE_DEBUG_INFO = INCLUDE_SOURCE;
				MTL_FAST_MATH = YES;
				ONLY_ACTIVE_ARCH = YES;
				SDKROOT = iphoneos;
				SWIFT_ACTIVE_COMPILATION_CONDITIONS = "DEBUG $(inherited)";
				SWIFT_OPTIMIZATION_LEVEL = "-Onone";
			};
			name = Debug;
		};
		9E5906742C4F993D00647DEE /* Release */ = {
			isa = XCBuildConfiguration;
			buildSettings = {
				ALWAYS_SEARCH_USER_PATHS = NO;
				ASSETCATALOG_COMPILER_GENERATE_SWIFT_ASSET_SYMBOL_EXTENSIONS = YES;
				CLANG_ANALYZER_NONNULL = YES;
				CLANG_ANALYZER_NUMBER_OBJECT_CONVERSION = YES_AGGRESSIVE;
				CLANG_CXX_LANGUAGE_STANDARD = "gnu++20";
				CLANG_ENABLE_MODULES = YES;
				CLANG_ENABLE_OBJC_ARC = YES;
				CLANG_ENABLE_OBJC_WEAK = YES;
				CLANG_WARN_BLOCK_CAPTURE_AUTORELEASING = YES;
				CLANG_WARN_BOOL_CONVERSION = YES;
				CLANG_WARN_COMMA = YES;
				CLANG_WARN_CONSTANT_CONVERSION = YES;
				CLANG_WARN_DEPRECATED_OBJC_IMPLEMENTATIONS = YES;
				CLANG_WARN_DIRECT_OBJC_ISA_USAGE = YES_ERROR;
				CLANG_WARN_DOCUMENTATION_COMMENTS = YES;
				CLANG_WARN_EMPTY_BODY = YES;
				CLANG_WARN_ENUM_CONVERSION = YES;
				CLANG_WARN_INFINITE_RECURSION = YES;
				CLANG_WARN_INT_CONVERSION = YES;
				CLANG_WARN_NON_LITERAL_NULL_CONVERSION = YES;
				CLANG_WARN_OBJC_IMPLICIT_RETAIN_SELF = YES;
				CLANG_WARN_OBJC_LITERAL_CONVERSION = YES;
				CLANG_WARN_OBJC_ROOT_CLASS = YES_ERROR;
				CLANG_WARN_QUOTED_INCLUDE_IN_FRAMEWORK_HEADER = YES;
				CLANG_WARN_RANGE_LOOP_ANALYSIS = YES;
				CLANG_WARN_STRICT_PROTOTYPES = YES;
				CLANG_WARN_SUSPICIOUS_MOVE = YES;
				CLANG_WARN_UNGUARDED_AVAILABILITY = YES_AGGRESSIVE;
				CLANG_WARN_UNREACHABLE_CODE = YES;
				CLANG_WARN__DUPLICATE_METHOD_MATCH = YES;
				COPY_PHASE_STRIP = NO;
				DEBUG_INFORMATION_FORMAT = "dwarf-with-dsym";
				ENABLE_NS_ASSERTIONS = NO;
				ENABLE_STRICT_OBJC_MSGSEND = YES;
				ENABLE_USER_SCRIPT_SANDBOXING = YES;
				GCC_C_LANGUAGE_STANDARD = gnu17;
				GCC_NO_COMMON_BLOCKS = YES;
				GCC_WARN_64_TO_32_BIT_CONVERSION = YES;
				GCC_WARN_ABOUT_RETURN_TYPE = YES_ERROR;
				GCC_WARN_UNDECLARED_SELECTOR = YES;
				GCC_WARN_UNINITIALIZED_AUTOS = YES_AGGRESSIVE;
				GCC_WARN_UNUSED_FUNCTION = YES;
				GCC_WARN_UNUSED_VARIABLE = YES;
				GENERATE_INFOPLIST_FILE = NO;
				INFOPLIST_FILE = "/Users/seongil/Desktop/WooHyepHa-iOS/WooHyepHa-iOS/Resources/Info.plist";
				IPHONEOS_DEPLOYMENT_TARGET = 17.2;
				LOCALIZATION_PREFERS_STRING_CATALOGS = YES;
				MTL_ENABLE_DEBUG_INFO = NO;
				MTL_FAST_MATH = YES;
				SDKROOT = iphoneos;
				SWIFT_COMPILATION_MODE = wholemodule;
				VALIDATE_PRODUCT = YES;
			};
			name = Release;
		};
		9E5906762C4F993D00647DEE /* Debug */ = {
			isa = XCBuildConfiguration;
			baseConfigurationReference = 8AB397A7E0206332D2CF6DB2 /* Pods-WooHyepHa-iOS.debug.xcconfig */;
			buildSettings = {
				ASSETCATALOG_COMPILER_APPICON_NAME = AppIcon;
				ASSETCATALOG_COMPILER_GLOBAL_ACCENT_COLOR_NAME = AccentColor;
				CODE_SIGN_STYLE = Automatic;
				CURRENT_PROJECT_VERSION = 1;
				DEVELOPMENT_TEAM = X67DB976UU;
				ENABLE_USER_SCRIPT_SANDBOXING = NO;
				GENERATE_INFOPLIST_FILE = YES;
				INFOPLIST_FILE = "WooHyepHa-iOS/Resources/Info.plist";
				INFOPLIST_KEY_CFBundleDisplayName = "파인뮤즈";
				INFOPLIST_KEY_UIApplicationSupportsIndirectInputEvents = YES;
				INFOPLIST_KEY_UILaunchStoryboardName = LaunchScreen;
				INFOPLIST_KEY_UISupportedInterfaceOrientations_iPad = "UIInterfaceOrientationPortrait UIInterfaceOrientationPortraitUpsideDown UIInterfaceOrientationLandscapeLeft UIInterfaceOrientationLandscapeRight";
				INFOPLIST_KEY_UISupportedInterfaceOrientations_iPhone = "UIInterfaceOrientationPortrait UIInterfaceOrientationLandscapeLeft UIInterfaceOrientationLandscapeRight";
				IPHONEOS_DEPLOYMENT_TARGET = 16.0;
				LD_RUNPATH_SEARCH_PATHS = (
					"$(inherited)",
					"@executable_path/Frameworks",
				);
				MARKETING_VERSION = 1.0;
				PRODUCT_BUNDLE_IDENTIFIER = "yeo.WooHyepHa-iOS";
				PRODUCT_NAME = "$(TARGET_NAME)";
				SUPPORTED_PLATFORMS = "iphoneos iphonesimulator";
				SUPPORTS_MACCATALYST = NO;
				SUPPORTS_MAC_DESIGNED_FOR_IPHONE_IPAD = NO;
				SUPPORTS_XR_DESIGNED_FOR_IPHONE_IPAD = NO;
				SWIFT_EMIT_LOC_STRINGS = YES;
				SWIFT_VERSION = 5.0;
				TARGETED_DEVICE_FAMILY = 1;
			};
			name = Debug;
		};
		9E5906772C4F993D00647DEE /* Release */ = {
			isa = XCBuildConfiguration;
			baseConfigurationReference = F8B1175900842BD9C5980C99 /* Pods-WooHyepHa-iOS.release.xcconfig */;
			buildSettings = {
				ASSETCATALOG_COMPILER_APPICON_NAME = AppIcon;
				ASSETCATALOG_COMPILER_GLOBAL_ACCENT_COLOR_NAME = AccentColor;
				CODE_SIGN_STYLE = Automatic;
				CURRENT_PROJECT_VERSION = 1;
				DEVELOPMENT_TEAM = X67DB976UU;
				ENABLE_USER_SCRIPT_SANDBOXING = NO;
				GENERATE_INFOPLIST_FILE = YES;
				INFOPLIST_FILE = "WooHyepHa-iOS/Resources/Info.plist";
				INFOPLIST_KEY_CFBundleDisplayName = "파인뮤즈";
				INFOPLIST_KEY_UIApplicationSupportsIndirectInputEvents = YES;
				INFOPLIST_KEY_UILaunchStoryboardName = LaunchScreen;
				INFOPLIST_KEY_UISupportedInterfaceOrientations_iPad = "UIInterfaceOrientationPortrait UIInterfaceOrientationPortraitUpsideDown UIInterfaceOrientationLandscapeLeft UIInterfaceOrientationLandscapeRight";
				INFOPLIST_KEY_UISupportedInterfaceOrientations_iPhone = "UIInterfaceOrientationPortrait UIInterfaceOrientationLandscapeLeft UIInterfaceOrientationLandscapeRight";
				IPHONEOS_DEPLOYMENT_TARGET = 16.0;
				LD_RUNPATH_SEARCH_PATHS = (
					"$(inherited)",
					"@executable_path/Frameworks",
				);
				MARKETING_VERSION = 1.0;
				PRODUCT_BUNDLE_IDENTIFIER = "yeo.WooHyepHa-iOS";
				PRODUCT_NAME = "$(TARGET_NAME)";
				SUPPORTED_PLATFORMS = "iphoneos iphonesimulator";
				SUPPORTS_MACCATALYST = NO;
				SUPPORTS_MAC_DESIGNED_FOR_IPHONE_IPAD = NO;
				SUPPORTS_XR_DESIGNED_FOR_IPHONE_IPAD = NO;
				SWIFT_EMIT_LOC_STRINGS = YES;
				SWIFT_VERSION = 5.0;
				TARGETED_DEVICE_FAMILY = 1;
			};
			name = Release;
		};
/* End XCBuildConfiguration section */

/* Begin XCConfigurationList section */
		9E59065C2C4F993C00647DEE /* Build configuration list for PBXProject "WooHyepHa-iOS" */ = {
			isa = XCConfigurationList;
			buildConfigurations = (
				9E5906732C4F993D00647DEE /* Debug */,
				9E5906742C4F993D00647DEE /* Release */,
			);
			defaultConfigurationIsVisible = 0;
			defaultConfigurationName = Release;
		};
		9E5906752C4F993D00647DEE /* Build configuration list for PBXNativeTarget "WooHyepHa-iOS" */ = {
			isa = XCConfigurationList;
			buildConfigurations = (
				9E5906762C4F993D00647DEE /* Debug */,
				9E5906772C4F993D00647DEE /* Release */,
			);
			defaultConfigurationIsVisible = 0;
			defaultConfigurationName = Release;
		};
/* End XCConfigurationList section */
	};
	rootObject = 9E5906592C4F993C00647DEE /* Project object */;
}
